// !$*UTF8*$!
{
	archiveVersion = 1;
	classes = {
	};
	objectVersion = 46;
	objects = {

/* Begin PBXBuildFile section */
		1D0D6E46125948F0B2930F80 /* libPods-Reddit UnderGround.a in Frameworks */ = {isa = PBXBuildFile; fileRef = 78E9EC52E63E4679B97B66A8 /* libPods-Reddit UnderGround.a */; };
		5D3692BA19C49DF9001F24FB /* Foundation.framework in Frameworks */ = {isa = PBXBuildFile; fileRef = 5D3692B919C49DF9001F24FB /* Foundation.framework */; };
		5D3692BC19C49DF9001F24FB /* CoreGraphics.framework in Frameworks */ = {isa = PBXBuildFile; fileRef = 5D3692BB19C49DF9001F24FB /* CoreGraphics.framework */; };
		5D3692BE19C49DF9001F24FB /* UIKit.framework in Frameworks */ = {isa = PBXBuildFile; fileRef = 5D3692BD19C49DF9001F24FB /* UIKit.framework */; };
		5D3692C419C49DF9001F24FB /* InfoPlist.strings in Resources */ = {isa = PBXBuildFile; fileRef = 5D3692C219C49DF9001F24FB /* InfoPlist.strings */; };
		5D3692C619C49DF9001F24FB /* main.m in Sources */ = {isa = PBXBuildFile; fileRef = 5D3692C519C49DF9001F24FB /* main.m */; };
		5D3692CA19C49DF9001F24FB /* RedditUnderGroundAppDelegate.m in Sources */ = {isa = PBXBuildFile; fileRef = 5D3692C919C49DF9001F24FB /* RedditUnderGroundAppDelegate.m */; };
		5D3692CD19C49DF9001F24FB /* Main_iPhone.storyboard in Resources */ = {isa = PBXBuildFile; fileRef = 5D3692CB19C49DF9001F24FB /* Main_iPhone.storyboard */; };
		5D3692D019C49DF9001F24FB /* Main_iPad.storyboard in Resources */ = {isa = PBXBuildFile; fileRef = 5D3692CE19C49DF9001F24FB /* Main_iPad.storyboard */; };
		5D3692D319C49DF9001F24FB /* RedditUnderGroundViewController.m in Sources */ = {isa = PBXBuildFile; fileRef = 5D3692D219C49DF9001F24FB /* RedditUnderGroundViewController.m */; };
		5D3692D519C49DF9001F24FB /* Images.xcassets in Resources */ = {isa = PBXBuildFile; fileRef = 5D3692D419C49DF9001F24FB /* Images.xcassets */; };
		5D3692DC19C49DF9001F24FB /* XCTest.framework in Frameworks */ = {isa = PBXBuildFile; fileRef = 5D3692DB19C49DF9001F24FB /* XCTest.framework */; };
		5D3692DD19C49DF9001F24FB /* Foundation.framework in Frameworks */ = {isa = PBXBuildFile; fileRef = 5D3692B919C49DF9001F24FB /* Foundation.framework */; };
		5D3692DE19C49DF9001F24FB /* UIKit.framework in Frameworks */ = {isa = PBXBuildFile; fileRef = 5D3692BD19C49DF9001F24FB /* UIKit.framework */; };
		5D3692E619C49DF9001F24FB /* InfoPlist.strings in Resources */ = {isa = PBXBuildFile; fileRef = 5D3692E419C49DF9001F24FB /* InfoPlist.strings */; };
		5D3692E819C49DF9001F24FB /* Reddit_UnderGroundTests.m in Sources */ = {isa = PBXBuildFile; fileRef = 5D3692E719C49DF9001F24FB /* Reddit_UnderGroundTests.m */; };
		5D3692F319C4ABBF001F24FB /* TabbedViewController.m in Sources */ = {isa = PBXBuildFile; fileRef = 5D3692F219C4ABBF001F24FB /* TabbedViewController.m */; };
		5D3692F619C4B8E2001F24FB /* WebViewController.m in Sources */ = {isa = PBXBuildFile; fileRef = 5D3692F519C4B8E2001F24FB /* WebViewController.m */; };
		5D3692F819C4D796001F24FB /* subway.png in Resources */ = {isa = PBXBuildFile; fileRef = 5D3692F719C4D796001F24FB /* subway.png */; };
		5D3692FA19C4D9CC001F24FB /* PickleDance.png in Resources */ = {isa = PBXBuildFile; fileRef = 5D3692F919C4D9CC001F24FB /* PickleDance.png */; };
		5D3692FC19C4DABB001F24FB /* subway2.JPG in Resources */ = {isa = PBXBuildFile; fileRef = 5D3692FB19C4DABB001F24FB /* subway2.JPG */; };
		5D36936F19CA0186001F24FB /* SubredditTableViewCell.m in Sources */ = {isa = PBXBuildFile; fileRef = 5D36936E19CA0186001F24FB /* SubredditTableViewCell.m */; };
		5D36937119CA17CA001F24FB /* check.png in Resources */ = {isa = PBXBuildFile; fileRef = 5D36937019CA17CA001F24FB /* check.png */; };
		5D36937319CA33FA001F24FB /* darkicon.png in Resources */ = {isa = PBXBuildFile; fileRef = 5D36937219CA33FA001F24FB /* darkicon.png */; };
		5D36937719CA3658001F24FB /* Icon-40@2x.png in Resources */ = {isa = PBXBuildFile; fileRef = 5D36937419CA3658001F24FB /* Icon-40@2x.png */; };
		5D36937819CA3658001F24FB /* Icon-60@2x.png in Resources */ = {isa = PBXBuildFile; fileRef = 5D36937519CA3658001F24FB /* Icon-60@2x.png */; };
		5D36937919CA3658001F24FB /* Icon-Small@2x.png in Resources */ = {isa = PBXBuildFile; fileRef = 5D36937619CA3658001F24FB /* Icon-Small@2x.png */; };
		5D36937B19CA3B1F001F24FB /* rocko-flf.otf in Resources */ = {isa = PBXBuildFile; fileRef = 5D36937A19CA3A0D001F24FB /* rocko-flf.otf */; };
		5D36937F19CA3EB1001F24FB /* black.png in Resources */ = {isa = PBXBuildFile; fileRef = 5D36937E19CA3EB1001F24FB /* black.png */; };
		5D36938619CF71D5001F24FB /* DatabaseModel.m in Sources */ = {isa = PBXBuildFile; fileRef = 5D36938519CF71D5001F24FB /* DatabaseModel.m */; };
		5D5BA10619F3EFF700A8C771 /* ThreadsViewController.m in Sources */ = {isa = PBXBuildFile; fileRef = 5D5BA10519F3EFF700A8C771 /* ThreadsViewController.m */; };
		5D5BA10919F3F52100A8C771 /* ThreadTableViewCell.m in Sources */ = {isa = PBXBuildFile; fileRef = 5D5BA10819F3F52100A8C771 /* ThreadTableViewCell.m */; };
/* End PBXBuildFile section */

/* Begin PBXContainerItemProxy section */
		5D3692DF19C49DF9001F24FB /* PBXContainerItemProxy */ = {
			isa = PBXContainerItemProxy;
			containerPortal = 5D3692AE19C49DF9001F24FB /* Project object */;
			proxyType = 1;
			remoteGlobalIDString = 5D3692B519C49DF9001F24FB;
			remoteInfo = "Reddit UnderGround";
		};
/* End PBXContainerItemProxy section */

/* Begin PBXFileReference section */
		5D3692B619C49DF9001F24FB /* Reddit UnderGround.app */ = {isa = PBXFileReference; explicitFileType = wrapper.application; includeInIndex = 0; path = "Reddit UnderGround.app"; sourceTree = BUILT_PRODUCTS_DIR; };
		5D3692B919C49DF9001F24FB /* Foundation.framework */ = {isa = PBXFileReference; lastKnownFileType = wrapper.framework; name = Foundation.framework; path = System/Library/Frameworks/Foundation.framework; sourceTree = SDKROOT; };
		5D3692BB19C49DF9001F24FB /* CoreGraphics.framework */ = {isa = PBXFileReference; lastKnownFileType = wrapper.framework; name = CoreGraphics.framework; path = System/Library/Frameworks/CoreGraphics.framework; sourceTree = SDKROOT; };
		5D3692BD19C49DF9001F24FB /* UIKit.framework */ = {isa = PBXFileReference; lastKnownFileType = wrapper.framework; name = UIKit.framework; path = System/Library/Frameworks/UIKit.framework; sourceTree = SDKROOT; };
		5D3692C119C49DF9001F24FB /* Reddit UnderGround-Info.plist */ = {isa = PBXFileReference; lastKnownFileType = text.plist.xml; path = "Reddit UnderGround-Info.plist"; sourceTree = "<group>"; };
		5D3692C319C49DF9001F24FB /* en */ = {isa = PBXFileReference; lastKnownFileType = text.plist.strings; name = en; path = en.lproj/InfoPlist.strings; sourceTree = "<group>"; };
		5D3692C519C49DF9001F24FB /* main.m */ = {isa = PBXFileReference; lastKnownFileType = sourcecode.c.objc; path = main.m; sourceTree = "<group>"; };
		5D3692C719C49DF9001F24FB /* Reddit UnderGround-Prefix.pch */ = {isa = PBXFileReference; lastKnownFileType = sourcecode.c.h; path = "Reddit UnderGround-Prefix.pch"; sourceTree = "<group>"; };
		5D3692C819C49DF9001F24FB /* RedditUnderGroundAppDelegate.h */ = {isa = PBXFileReference; lastKnownFileType = sourcecode.c.h; path = RedditUnderGroundAppDelegate.h; sourceTree = "<group>"; };
		5D3692C919C49DF9001F24FB /* RedditUnderGroundAppDelegate.m */ = {isa = PBXFileReference; lastKnownFileType = sourcecode.c.objc; path = RedditUnderGroundAppDelegate.m; sourceTree = "<group>"; };
		5D3692CC19C49DF9001F24FB /* Base */ = {isa = PBXFileReference; lastKnownFileType = file.storyboard; name = Base; path = Base.lproj/Main_iPhone.storyboard; sourceTree = "<group>"; };
		5D3692CF19C49DF9001F24FB /* Base */ = {isa = PBXFileReference; lastKnownFileType = file.storyboard; name = Base; path = Base.lproj/Main_iPad.storyboard; sourceTree = "<group>"; };
		5D3692D119C49DF9001F24FB /* RedditUnderGroundViewController.h */ = {isa = PBXFileReference; lastKnownFileType = sourcecode.c.h; path = RedditUnderGroundViewController.h; sourceTree = "<group>"; };
		5D3692D219C49DF9001F24FB /* RedditUnderGroundViewController.m */ = {isa = PBXFileReference; lastKnownFileType = sourcecode.c.objc; path = RedditUnderGroundViewController.m; sourceTree = "<group>"; };
		5D3692D419C49DF9001F24FB /* Images.xcassets */ = {isa = PBXFileReference; lastKnownFileType = folder.assetcatalog; path = Images.xcassets; sourceTree = "<group>"; };
		5D3692DA19C49DF9001F24FB /* Reddit UnderGroundTests.xctest */ = {isa = PBXFileReference; explicitFileType = wrapper.cfbundle; includeInIndex = 0; path = "Reddit UnderGroundTests.xctest"; sourceTree = BUILT_PRODUCTS_DIR; };
		5D3692DB19C49DF9001F24FB /* XCTest.framework */ = {isa = PBXFileReference; lastKnownFileType = wrapper.framework; name = XCTest.framework; path = Library/Frameworks/XCTest.framework; sourceTree = DEVELOPER_DIR; };
		5D3692E319C49DF9001F24FB /* Reddit UnderGroundTests-Info.plist */ = {isa = PBXFileReference; lastKnownFileType = text.plist.xml; path = "Reddit UnderGroundTests-Info.plist"; sourceTree = "<group>"; };
		5D3692E519C49DF9001F24FB /* en */ = {isa = PBXFileReference; lastKnownFileType = text.plist.strings; name = en; path = en.lproj/InfoPlist.strings; sourceTree = "<group>"; };
		5D3692E719C49DF9001F24FB /* Reddit_UnderGroundTests.m */ = {isa = PBXFileReference; lastKnownFileType = sourcecode.c.objc; path = Reddit_UnderGroundTests.m; sourceTree = "<group>"; };
		5D3692F119C4ABBF001F24FB /* TabbedViewController.h */ = {isa = PBXFileReference; fileEncoding = 4; lastKnownFileType = sourcecode.c.h; path = TabbedViewController.h; sourceTree = "<group>"; };
		5D3692F219C4ABBF001F24FB /* TabbedViewController.m */ = {isa = PBXFileReference; fileEncoding = 4; lastKnownFileType = sourcecode.c.objc; path = TabbedViewController.m; sourceTree = "<group>"; };
		5D3692F419C4B8E2001F24FB /* WebViewController.h */ = {isa = PBXFileReference; fileEncoding = 4; lastKnownFileType = sourcecode.c.h; path = WebViewController.h; sourceTree = "<group>"; };
		5D3692F519C4B8E2001F24FB /* WebViewController.m */ = {isa = PBXFileReference; fileEncoding = 4; lastKnownFileType = sourcecode.c.objc; path = WebViewController.m; sourceTree = "<group>"; };
		5D3692F719C4D796001F24FB /* subway.png */ = {isa = PBXFileReference; lastKnownFileType = image.png; path = subway.png; sourceTree = "<group>"; };
		5D3692F919C4D9CC001F24FB /* PickleDance.png */ = {isa = PBXFileReference; lastKnownFileType = image.png; path = PickleDance.png; sourceTree = "<group>"; };
		5D3692FB19C4DABB001F24FB /* subway2.JPG */ = {isa = PBXFileReference; lastKnownFileType = image.jpeg; path = subway2.JPG; sourceTree = "<group>"; };
		5D36936D19CA0186001F24FB /* SubredditTableViewCell.h */ = {isa = PBXFileReference; fileEncoding = 4; lastKnownFileType = sourcecode.c.h; path = SubredditTableViewCell.h; sourceTree = "<group>"; };
		5D36936E19CA0186001F24FB /* SubredditTableViewCell.m */ = {isa = PBXFileReference; fileEncoding = 4; lastKnownFileType = sourcecode.c.objc; path = SubredditTableViewCell.m; sourceTree = "<group>"; };
		5D36937019CA17CA001F24FB /* check.png */ = {isa = PBXFileReference; lastKnownFileType = image.png; path = check.png; sourceTree = "<group>"; };
		5D36937219CA33FA001F24FB /* darkicon.png */ = {isa = PBXFileReference; lastKnownFileType = image.png; path = darkicon.png; sourceTree = "<group>"; };
		5D36937419CA3658001F24FB /* Icon-40@2x.png */ = {isa = PBXFileReference; lastKnownFileType = image.png; path = "Icon-40@2x.png"; sourceTree = "<group>"; };
		5D36937519CA3658001F24FB /* Icon-60@2x.png */ = {isa = PBXFileReference; lastKnownFileType = image.png; path = "Icon-60@2x.png"; sourceTree = "<group>"; };
		5D36937619CA3658001F24FB /* Icon-Small@2x.png */ = {isa = PBXFileReference; lastKnownFileType = image.png; path = "Icon-Small@2x.png"; sourceTree = "<group>"; };
		5D36937A19CA3A0D001F24FB /* rocko-flf.otf */ = {isa = PBXFileReference; lastKnownFileType = file; path = "rocko-flf.otf"; sourceTree = "<group>"; };
		5D36937E19CA3EB1001F24FB /* black.png */ = {isa = PBXFileReference; lastKnownFileType = image.png; path = black.png; sourceTree = "<group>"; };
		5D36938519CF71D5001F24FB /* DatabaseModel.m */ = {isa = PBXFileReference; fileEncoding = 4; lastKnownFileType = sourcecode.c.objc; path = DatabaseModel.m; sourceTree = "<group>"; };
		5D36938719CF71DF001F24FB /* DatabaseModel.h */ = {isa = PBXFileReference; lastKnownFileType = sourcecode.c.h; path = DatabaseModel.h; sourceTree = "<group>"; };
		5D5BA10419F3EFF700A8C771 /* ThreadsViewController.h */ = {isa = PBXFileReference; fileEncoding = 4; lastKnownFileType = sourcecode.c.h; path = ThreadsViewController.h; sourceTree = "<group>"; };
		5D5BA10519F3EFF700A8C771 /* ThreadsViewController.m */ = {isa = PBXFileReference; fileEncoding = 4; lastKnownFileType = sourcecode.c.objc; path = ThreadsViewController.m; sourceTree = "<group>"; };
		5D5BA10719F3F52100A8C771 /* ThreadTableViewCell.h */ = {isa = PBXFileReference; fileEncoding = 4; lastKnownFileType = sourcecode.c.h; path = ThreadTableViewCell.h; sourceTree = "<group>"; };
		5D5BA10819F3F52100A8C771 /* ThreadTableViewCell.m */ = {isa = PBXFileReference; fileEncoding = 4; lastKnownFileType = sourcecode.c.objc; path = ThreadTableViewCell.m; sourceTree = "<group>"; };
		78E9EC52E63E4679B97B66A8 /* libPods-Reddit UnderGround.a */ = {isa = PBXFileReference; explicitFileType = archive.ar; includeInIndex = 0; path = "libPods-Reddit UnderGround.a"; sourceTree = BUILT_PRODUCTS_DIR; };
		C77EA99518FA4341B376AF6E /* Pods-Reddit UnderGround.xcconfig */ = {isa = PBXFileReference; includeInIndex = 1; lastKnownFileType = text.xcconfig; name = "Pods-Reddit UnderGround.xcconfig"; path = "Pods/Pods-Reddit UnderGround.xcconfig"; sourceTree = "<group>"; };
/* End PBXFileReference section */

/* Begin PBXFrameworksBuildPhase section */
		5D3692B319C49DF9001F24FB /* Frameworks */ = {
			isa = PBXFrameworksBuildPhase;
			buildActionMask = 2147483647;
			files = (
				5D3692BC19C49DF9001F24FB /* CoreGraphics.framework in Frameworks */,
				5D3692BE19C49DF9001F24FB /* UIKit.framework in Frameworks */,
				5D3692BA19C49DF9001F24FB /* Foundation.framework in Frameworks */,
				1D0D6E46125948F0B2930F80 /* libPods-Reddit UnderGround.a in Frameworks */,
			);
			runOnlyForDeploymentPostprocessing = 0;
		};
		5D3692D719C49DF9001F24FB /* Frameworks */ = {
			isa = PBXFrameworksBuildPhase;
			buildActionMask = 2147483647;
			files = (
				5D3692DC19C49DF9001F24FB /* XCTest.framework in Frameworks */,
				5D3692DE19C49DF9001F24FB /* UIKit.framework in Frameworks */,
				5D3692DD19C49DF9001F24FB /* Foundation.framework in Frameworks */,
			);
			runOnlyForDeploymentPostprocessing = 0;
		};
/* End PBXFrameworksBuildPhase section */

/* Begin PBXGroup section */
		5D3692AD19C49DF9001F24FB = {
			isa = PBXGroup;
			children = (
				5D3692BF19C49DF9001F24FB /* Reddit UnderGround */,
				5D3692E119C49DF9001F24FB /* Reddit UnderGroundTests */,
				5D3692B819C49DF9001F24FB /* Frameworks */,
				5D3692B719C49DF9001F24FB /* Products */,
				C77EA99518FA4341B376AF6E /* Pods-Reddit UnderGround.xcconfig */,
			);
			sourceTree = "<group>";
		};
		5D3692B719C49DF9001F24FB /* Products */ = {
			isa = PBXGroup;
			children = (
				5D3692B619C49DF9001F24FB /* Reddit UnderGround.app */,
				5D3692DA19C49DF9001F24FB /* Reddit UnderGroundTests.xctest */,
			);
			name = Products;
			sourceTree = "<group>";
		};
		5D3692B819C49DF9001F24FB /* Frameworks */ = {
			isa = PBXGroup;
			children = (
				5D3692B919C49DF9001F24FB /* Foundation.framework */,
				5D3692BB19C49DF9001F24FB /* CoreGraphics.framework */,
				5D3692BD19C49DF9001F24FB /* UIKit.framework */,
				5D3692DB19C49DF9001F24FB /* XCTest.framework */,
				78E9EC52E63E4679B97B66A8 /* libPods-Reddit UnderGround.a */,
			);
			name = Frameworks;
			sourceTree = "<group>";
		};
		5D3692BF19C49DF9001F24FB /* Reddit UnderGround */ = {
			isa = PBXGroup;
			children = (
				5D3692C819C49DF9001F24FB /* RedditUnderGroundAppDelegate.h */,
				5D3692C919C49DF9001F24FB /* RedditUnderGroundAppDelegate.m */,
				5D3692CB19C49DF9001F24FB /* Main_iPhone.storyboard */,
				5D36938319CF7017001F24FB /* ViewControllers */,
				5D5BA10419F3EFF700A8C771 /* ThreadsViewController.h */,
				5D5BA10519F3EFF700A8C771 /* ThreadsViewController.m */,
				5D3692D119C49DF9001F24FB /* RedditUnderGroundViewController.h */,
				5D3692D219C49DF9001F24FB /* RedditUnderGroundViewController.m */,
				5D3692F119C4ABBF001F24FB /* TabbedViewController.h */,
				5D3692F219C4ABBF001F24FB /* TabbedViewController.m */,
				5D3692F419C4B8E2001F24FB /* WebViewController.h */,
				5D3692F519C4B8E2001F24FB /* WebViewController.m */,
				5D36938419CF702D001F24FB /* Other */,
				5D3692D419C49DF9001F24FB /* Images.xcassets */,
				5D3692C019C49DF9001F24FB /* Supporting Files */,
			);
			path = "Reddit UnderGround";
			sourceTree = "<group>";
		};
		5D3692C019C49DF9001F24FB /* Supporting Files */ = {
			isa = PBXGroup;
			children = (
				5D36937E19CA3EB1001F24FB /* black.png */,
				5D36937A19CA3A0D001F24FB /* rocko-flf.otf */,
				5D36937419CA3658001F24FB /* Icon-40@2x.png */,
				5D36937519CA3658001F24FB /* Icon-60@2x.png */,
				5D36937619CA3658001F24FB /* Icon-Small@2x.png */,
				5D36937219CA33FA001F24FB /* darkicon.png */,
				5D36937019CA17CA001F24FB /* check.png */,
				5D3692FB19C4DABB001F24FB /* subway2.JPG */,
				5D3692F919C4D9CC001F24FB /* PickleDance.png */,
				5D3692F719C4D796001F24FB /* subway.png */,
				5D3692C119C49DF9001F24FB /* Reddit UnderGround-Info.plist */,
				5D3692C219C49DF9001F24FB /* InfoPlist.strings */,
				5D3692C519C49DF9001F24FB /* main.m */,
				5D3692C719C49DF9001F24FB /* Reddit UnderGround-Prefix.pch */,
			);
			name = "Supporting Files";
			sourceTree = "<group>";
		};
		5D3692E119C49DF9001F24FB /* Reddit UnderGroundTests */ = {
			isa = PBXGroup;
			children = (
				5D3692E719C49DF9001F24FB /* Reddit_UnderGroundTests.m */,
				5D3692E219C49DF9001F24FB /* Supporting Files */,
			);
			path = "Reddit UnderGroundTests";
			sourceTree = "<group>";
		};
		5D3692E219C49DF9001F24FB /* Supporting Files */ = {
			isa = PBXGroup;
			children = (
				5D3692E319C49DF9001F24FB /* Reddit UnderGroundTests-Info.plist */,
				5D3692E419C49DF9001F24FB /* InfoPlist.strings */,
			);
			name = "Supporting Files";
			sourceTree = "<group>";
		};
		5D36938319CF7017001F24FB /* ViewControllers */ = {
			isa = PBXGroup;
			children = (
			);
			name = ViewControllers;
			sourceTree = "<group>";
		};
		5D36938419CF702D001F24FB /* Other */ = {
			isa = PBXGroup;
			children = (
				5D36938719CF71DF001F24FB /* DatabaseModel.h */,
				5D36938519CF71D5001F24FB /* DatabaseModel.m */,
				5D3692CE19C49DF9001F24FB /* Main_iPad.storyboard */,
				5D36936D19CA0186001F24FB /* SubredditTableViewCell.h */,
				5D36936E19CA0186001F24FB /* SubredditTableViewCell.m */,
				5D5BA10719F3F52100A8C771 /* ThreadTableViewCell.h */,
				5D5BA10819F3F52100A8C771 /* ThreadTableViewCell.m */,
			);
			name = Other;
			sourceTree = "<group>";
		};
/* End PBXGroup section */

/* Begin PBXNativeTarget section */
		5D3692B519C49DF9001F24FB /* Reddit UnderGround */ = {
			isa = PBXNativeTarget;
			buildConfigurationList = 5D3692EB19C49DF9001F24FB /* Build configuration list for PBXNativeTarget "Reddit UnderGround" */;
			buildPhases = (
				321B9A5235864336928A0FA0 /* Check Pods Manifest.lock */,
				5D3692B219C49DF9001F24FB /* Sources */,
				5D3692B319C49DF9001F24FB /* Frameworks */,
				5D3692B419C49DF9001F24FB /* Resources */,
				5816DA123C754537A7F9EA42 /* Copy Pods Resources */,
			);
			buildRules = (
			);
			dependencies = (
			);
			name = "Reddit UnderGround";
			productName = "Reddit UnderGround";
			productReference = 5D3692B619C49DF9001F24FB /* Reddit UnderGround.app */;
			productType = "com.apple.product-type.application";
		};
		5D3692D919C49DF9001F24FB /* Reddit UnderGroundTests */ = {
			isa = PBXNativeTarget;
			buildConfigurationList = 5D3692EE19C49DF9001F24FB /* Build configuration list for PBXNativeTarget "Reddit UnderGroundTests" */;
			buildPhases = (
				5D3692D619C49DF9001F24FB /* Sources */,
				5D3692D719C49DF9001F24FB /* Frameworks */,
				5D3692D819C49DF9001F24FB /* Resources */,
			);
			buildRules = (
			);
			dependencies = (
				5D3692E019C49DF9001F24FB /* PBXTargetDependency */,
			);
			name = "Reddit UnderGroundTests";
			productName = "Reddit UnderGroundTests";
			productReference = 5D3692DA19C49DF9001F24FB /* Reddit UnderGroundTests.xctest */;
			productType = "com.apple.product-type.bundle.unit-test";
		};
/* End PBXNativeTarget section */

/* Begin PBXProject section */
		5D3692AE19C49DF9001F24FB /* Project object */ = {
			isa = PBXProject;
			attributes = {
				CLASSPREFIX = RedditUnderGround;
				LastUpgradeCheck = 0510;
				ORGANIZATIONNAME = RobMWalsh;
				TargetAttributes = {
					5D3692D919C49DF9001F24FB = {
						TestTargetID = 5D3692B519C49DF9001F24FB;
					};
				};
			};
			buildConfigurationList = 5D3692B119C49DF9001F24FB /* Build configuration list for PBXProject "Reddit UnderGround" */;
			compatibilityVersion = "Xcode 3.2";
			developmentRegion = English;
			hasScannedForEncodings = 0;
			knownRegions = (
				en,
				Base,
			);
			mainGroup = 5D3692AD19C49DF9001F24FB;
			productRefGroup = 5D3692B719C49DF9001F24FB /* Products */;
			projectDirPath = "";
			projectRoot = "";
			targets = (
				5D3692B519C49DF9001F24FB /* Reddit UnderGround */,
				5D3692D919C49DF9001F24FB /* Reddit UnderGroundTests */,
			);
		};
/* End PBXProject section */

/* Begin PBXResourcesBuildPhase section */
		5D3692B419C49DF9001F24FB /* Resources */ = {
			isa = PBXResourcesBuildPhase;
			buildActionMask = 2147483647;
			files = (
				5D36937B19CA3B1F001F24FB /* rocko-flf.otf in Resources */,
				5D36937F19CA3EB1001F24FB /* black.png in Resources */,
				5D3692FC19C4DABB001F24FB /* subway2.JPG in Resources */,
				5D3692D019C49DF9001F24FB /* Main_iPad.storyboard in Resources */,
				5D36937119CA17CA001F24FB /* check.png in Resources */,
				5D3692FA19C4D9CC001F24FB /* PickleDance.png in Resources */,
				5D36937819CA3658001F24FB /* Icon-60@2x.png in Resources */,
				5D3692D519C49DF9001F24FB /* Images.xcassets in Resources */,
				5D3692CD19C49DF9001F24FB /* Main_iPhone.storyboard in Resources */,
				5D3692F819C4D796001F24FB /* subway.png in Resources */,
				5D36937319CA33FA001F24FB /* darkicon.png in Resources */,
				5D36937919CA3658001F24FB /* Icon-Small@2x.png in Resources */,
				5D3692C419C49DF9001F24FB /* InfoPlist.strings in Resources */,
				5D36937719CA3658001F24FB /* Icon-40@2x.png in Resources */,
			);
			runOnlyForDeploymentPostprocessing = 0;
		};
		5D3692D819C49DF9001F24FB /* Resources */ = {
			isa = PBXResourcesBuildPhase;
			buildActionMask = 2147483647;
			files = (
				5D3692E619C49DF9001F24FB /* InfoPlist.strings in Resources */,
			);
			runOnlyForDeploymentPostprocessing = 0;
		};
/* End PBXResourcesBuildPhase section */

/* Begin PBXShellScriptBuildPhase section */
		321B9A5235864336928A0FA0 /* Check Pods Manifest.lock */ = {
			isa = PBXShellScriptBuildPhase;
			buildActionMask = 2147483647;
			files = (
			);
			inputPaths = (
			);
			name = "Check Pods Manifest.lock";
			outputPaths = (
			);
			runOnlyForDeploymentPostprocessing = 0;
			shellPath = /bin/sh;
			shellScript = "diff \"${PODS_ROOT}/../Podfile.lock\" \"${PODS_ROOT}/Manifest.lock\" > /dev/null\nif [[ $? != 0 ]] ; then\n    cat << EOM\nerror: The sandbox is not in sync with the Podfile.lock. Run 'pod install' or update your CocoaPods installation.\nEOM\n    exit 1\nfi\n";
			showEnvVarsInLog = 0;
		};
		5816DA123C754537A7F9EA42 /* Copy Pods Resources */ = {
			isa = PBXShellScriptBuildPhase;
			buildActionMask = 2147483647;
			files = (
			);
			inputPaths = (
			);
			name = "Copy Pods Resources";
			outputPaths = (
			);
			runOnlyForDeploymentPostprocessing = 0;
			shellPath = /bin/sh;
			shellScript = "\"${SRCROOT}/Pods/Pods-Reddit UnderGround-resources.sh\"\n";
			showEnvVarsInLog = 0;
		};
/* End PBXShellScriptBuildPhase section */

/* Begin PBXSourcesBuildPhase section */
		5D3692B219C49DF9001F24FB /* Sources */ = {
			isa = PBXSourcesBuildPhase;
			buildActionMask = 2147483647;
			files = (
				5D36938619CF71D5001F24FB /* DatabaseModel.m in Sources */,
				5D3692CA19C49DF9001F24FB /* RedditUnderGroundAppDelegate.m in Sources */,
				5D5BA10619F3EFF700A8C771 /* ThreadsViewController.m in Sources */,
				5D3692F619C4B8E2001F24FB /* WebViewController.m in Sources */,
				5D36936F19CA0186001F24FB /* SubredditTableViewCell.m in Sources */,
				5D3692C619C49DF9001F24FB /* main.m in Sources */,
				5D3692F319C4ABBF001F24FB /* TabbedViewController.m in Sources */,
				5D5BA10919F3F52100A8C771 /* ThreadTableViewCell.m in Sources */,
				5D3692D319C49DF9001F24FB /* RedditUnderGroundViewController.m in Sources */,
			);
			runOnlyForDeploymentPostprocessing = 0;
		};
		5D3692D619C49DF9001F24FB /* Sources */ = {
			isa = PBXSourcesBuildPhase;
			buildActionMask = 2147483647;
			files = (
				5D3692E819C49DF9001F24FB /* Reddit_UnderGroundTests.m in Sources */,
			);
			runOnlyForDeploymentPostprocessing = 0;
		};
/* End PBXSourcesBuildPhase section */

/* Begin PBXTargetDependency section */
		5D3692E019C49DF9001F24FB /* PBXTargetDependency */ = {
			isa = PBXTargetDependency;
			target = 5D3692B519C49DF9001F24FB /* Reddit UnderGround */;
			targetProxy = 5D3692DF19C49DF9001F24FB /* PBXContainerItemProxy */;
		};
/* End PBXTargetDependency section */

/* Begin PBXVariantGroup section */
		5D3692C219C49DF9001F24FB /* InfoPlist.strings */ = {
			isa = PBXVariantGroup;
			children = (
				5D3692C319C49DF9001F24FB /* en */,
			);
			name = InfoPlist.strings;
			sourceTree = "<group>";
		};
		5D3692CB19C49DF9001F24FB /* Main_iPhone.storyboard */ = {
			isa = PBXVariantGroup;
			children = (
				5D3692CC19C49DF9001F24FB /* Base */,
			);
			name = Main_iPhone.storyboard;
			sourceTree = "<group>";
		};
		5D3692CE19C49DF9001F24FB /* Main_iPad.storyboard */ = {
			isa = PBXVariantGroup;
			children = (
				5D3692CF19C49DF9001F24FB /* Base */,
			);
			name = Main_iPad.storyboard;
			sourceTree = "<group>";
		};
		5D3692E419C49DF9001F24FB /* InfoPlist.strings */ = {
			isa = PBXVariantGroup;
			children = (
				5D3692E519C49DF9001F24FB /* en */,
			);
			name = InfoPlist.strings;
			sourceTree = "<group>";
		};
/* End PBXVariantGroup section */

/* Begin XCBuildConfiguration section */
		5D3692E919C49DF9001F24FB /* Debug */ = {
			isa = XCBuildConfiguration;
			buildSettings = {
				ALWAYS_SEARCH_USER_PATHS = NO;
				CLANG_CXX_LANGUAGE_STANDARD = "gnu++0x";
				CLANG_CXX_LIBRARY = "libc++";
				CLANG_ENABLE_MODULES = YES;
				CLANG_ENABLE_OBJC_ARC = YES;
				CLANG_WARN_BOOL_CONVERSION = YES;
				CLANG_WARN_CONSTANT_CONVERSION = YES;
				CLANG_WARN_DIRECT_OBJC_ISA_USAGE = YES_ERROR;
				CLANG_WARN_EMPTY_BODY = YES;
				CLANG_WARN_ENUM_CONVERSION = YES;
				CLANG_WARN_INT_CONVERSION = YES;
				CLANG_WARN_OBJC_ROOT_CLASS = YES_ERROR;
				CLANG_WARN__DUPLICATE_METHOD_MATCH = YES;
				"CODE_SIGN_IDENTITY[sdk=iphoneos*]" = "iPhone Developer";
				COPY_PHASE_STRIP = NO;
				GCC_C_LANGUAGE_STANDARD = gnu99;
				GCC_DYNAMIC_NO_PIC = NO;
				GCC_OPTIMIZATION_LEVEL = 0;
				GCC_PREPROCESSOR_DEFINITIONS = (
					"DEBUG=1",
					"$(inherited)",
				);
				GCC_SYMBOLS_PRIVATE_EXTERN = NO;
				GCC_WARN_64_TO_32_BIT_CONVERSION = YES;
				GCC_WARN_ABOUT_RETURN_TYPE = YES_ERROR;
				GCC_WARN_UNDECLARED_SELECTOR = YES;
				GCC_WARN_UNINITIALIZED_AUTOS = YES_AGGRESSIVE;
				GCC_WARN_UNUSED_FUNCTION = YES;
				GCC_WARN_UNUSED_VARIABLE = YES;
				IPHONEOS_DEPLOYMENT_TARGET = 7.1;
				ONLY_ACTIVE_ARCH = YES;
				SDKROOT = iphoneos;
				TARGETED_DEVICE_FAMILY = "1,2";
			};
			name = Debug;
		};
		5D3692EA19C49DF9001F24FB /* Release */ = {
			isa = XCBuildConfiguration;
			buildSettings = {
				ALWAYS_SEARCH_USER_PATHS = NO;
				CLANG_CXX_LANGUAGE_STANDARD = "gnu++0x";
				CLANG_CXX_LIBRARY = "libc++";
				CLANG_ENABLE_MODULES = YES;
				CLANG_ENABLE_OBJC_ARC = YES;
				CLANG_WARN_BOOL_CONVERSION = YES;
				CLANG_WARN_CONSTANT_CONVERSION = YES;
				CLANG_WARN_DIRECT_OBJC_ISA_USAGE = YES_ERROR;
				CLANG_WARN_EMPTY_BODY = YES;
				CLANG_WARN_ENUM_CONVERSION = YES;
				CLANG_WARN_INT_CONVERSION = YES;
				CLANG_WARN_OBJC_ROOT_CLASS = YES_ERROR;
				CLANG_WARN__DUPLICATE_METHOD_MATCH = YES;
				"CODE_SIGN_IDENTITY[sdk=iphoneos*]" = "iPhone Developer";
				COPY_PHASE_STRIP = YES;
				ENABLE_NS_ASSERTIONS = NO;
				GCC_C_LANGUAGE_STANDARD = gnu99;
				GCC_WARN_64_TO_32_BIT_CONVERSION = YES;
				GCC_WARN_ABOUT_RETURN_TYPE = YES_ERROR;
				GCC_WARN_UNDECLARED_SELECTOR = YES;
				GCC_WARN_UNINITIALIZED_AUTOS = YES_AGGRESSIVE;
				GCC_WARN_UNUSED_FUNCTION = YES;
				GCC_WARN_UNUSED_VARIABLE = YES;
				IPHONEOS_DEPLOYMENT_TARGET = 7.1;
				SDKROOT = iphoneos;
				TARGETED_DEVICE_FAMILY = "1,2";
				VALIDATE_PRODUCT = YES;
			};
			name = Release;
		};
		5D3692EC19C49DF9001F24FB /* Debug */ = {
			isa = XCBuildConfiguration;
			baseConfigurationReference = C77EA99518FA4341B376AF6E /* Pods-Reddit UnderGround.xcconfig */;
			buildSettings = {
				ASSETCATALOG_COMPILER_APPICON_NAME = AppIcon;
				ASSETCATALOG_COMPILER_LAUNCHIMAGE_NAME = LaunchImage;
				GCC_PRECOMPILE_PREFIX_HEADER = YES;
				GCC_PREFIX_HEADER = "Reddit UnderGround/Reddit UnderGround-Prefix.pch";
				INFOPLIST_FILE = "Reddit UnderGround/Reddit UnderGround-Info.plist";
				PRODUCT_NAME = "$(TARGET_NAME)";
				WRAPPER_EXTENSION = app;
			};
			name = Debug;
		};
		5D3692ED19C49DF9001F24FB /* Release */ = {
			isa = XCBuildConfiguration;
			baseConfigurationReference = C77EA99518FA4341B376AF6E /* Pods-Reddit UnderGround.xcconfig */;
			buildSettings = {
				ASSETCATALOG_COMPILER_APPICON_NAME = AppIcon;
				ASSETCATALOG_COMPILER_LAUNCHIMAGE_NAME = LaunchImage;
				GCC_PRECOMPILE_PREFIX_HEADER = YES;
				GCC_PREFIX_HEADER = "Reddit UnderGround/Reddit UnderGround-Prefix.pch";
				INFOPLIST_FILE = "Reddit UnderGround/Reddit UnderGround-Info.plist";
				PRODUCT_NAME = "$(TARGET_NAME)";
				WRAPPER_EXTENSION = app;
			};
			name = Release;
		};
		5D3692EF19C49DF9001F24FB /* Debug */ = {
			isa = XCBuildConfiguration;
			buildSettings = {
				BUNDLE_LOADER = "$(BUILT_PRODUCTS_DIR)/Reddit UnderGround.app/Reddit UnderGround";
				FRAMEWORK_SEARCH_PATHS = (
					"$(SDKROOT)/Developer/Library/Frameworks",
					"$(inherited)",
					"$(DEVELOPER_FRAMEWORKS_DIR)",
				);
				GCC_PRECOMPILE_PREFIX_HEADER = YES;
				GCC_PREFIX_HEADER = "Reddit UnderGround/Reddit UnderGround-Prefix.pch";
				GCC_PREPROCESSOR_DEFINITIONS = (
					"DEBUG=1",
					"$(inherited)",
				);
				INFOPLIST_FILE = "Reddit UnderGroundTests/Reddit UnderGroundTests-Info.plist";
				PRODUCT_NAME = "$(TARGET_NAME)";
				TEST_HOST = "$(BUNDLE_LOADER)";
				WRAPPER_EXTENSION = xctest;
			};
			name = Debug;
		};
		5D3692F019C49DF9001F24FB /* Release */ = {
			isa = XCBuildConfiguration;
			buildSettings = {
				BUNDLE_LOADER = "$(BUILT_PRODUCTS_DIR)/Reddit UnderGround.app/Reddit UnderGround";
				FRAMEWORK_SEARCH_PATHS = (
					"$(SDKROOT)/Developer/Library/Frameworks",
					"$(inherited)",
					"$(DEVELOPER_FRAMEWORKS_DIR)",
				);
				GCC_PRECOMPILE_PREFIX_HEADER = YES;
				GCC_PREFIX_HEADER = "Reddit UnderGround/Reddit UnderGround-Prefix.pch";
				INFOPLIST_FILE = "Reddit UnderGroundTests/Reddit UnderGroundTests-Info.plist";
				PRODUCT_NAME = "$(TARGET_NAME)";
				TEST_HOST = "$(BUNDLE_LOADER)";
				WRAPPER_EXTENSION = xctest;
			};
			name = Release;
		};
/* End XCBuildConfiguration section */

/* Begin XCConfigurationList section */
		5D3692B119C49DF9001F24FB /* Build configuration list for PBXProject "Reddit UnderGround" */ = {
			isa = XCConfigurationList;
			buildConfigurations = (
				5D3692E919C49DF9001F24FB /* Debug */,
				5D3692EA19C49DF9001F24FB /* Release */,
			);
			defaultConfigurationIsVisible = 0;
			defaultConfigurationName = Release;
		};
		5D3692EB19C49DF9001F24FB /* Build configuration list for PBXNativeTarget "Reddit UnderGround" */ = {
			isa = XCConfigurationList;
			buildConfigurations = (
				5D3692EC19C49DF9001F24FB /* Debug */,
				5D3692ED19C49DF9001F24FB /* Release */,
			);
			defaultConfigurationIsVisible = 0;
			defaultConfigurationName = Release;
		};
		5D3692EE19C49DF9001F24FB /* Build configuration list for PBXNativeTarget "Reddit UnderGroundTests" */ = {
			isa = XCConfigurationList;
			buildConfigurations = (
				5D3692EF19C49DF9001F24FB /* Debug */,
				5D3692F019C49DF9001F24FB /* Release */,
			);
			defaultConfigurationIsVisible = 0;
			defaultConfigurationName = Release;
		};
/* End XCConfigurationList section */
	};
	rootObject = 5D3692AE19C49DF9001F24FB /* Project object */;
}
